
Microsoft Visual Studio Solution File, Format Version 12.00
# Visual Studio Version 17
VisualStudioVersion = 17.14.36518.9 d17.14
MinimumVisualStudioVersion = 10.0.40219.1
Project("{FAE04EC0-301F-11D3-BF4B-00C04F79EFBC}") = "classecomheranca", "classecomheranca.csproj", "{967205BD-E0CD-43FF-BD84-704D944D4E47}"
EndProject
Global
	GlobalSection(SolutionConfigurationPlatforms) = preSolution
		Debug|Any CPU = Debug|Any CPU
		Release|Any CPU = Release|Any CPU
	EndGlobalSection
	GlobalSection(ProjectConfigurationPlatforms) = postSolution
		{967205BD-E0CD-43FF-BD84-704D944D4E47}.Debug|Any CPU.ActiveCfg = Debug|Any CPU
		{967205BD-E0CD-43FF-BD84-704D944D4E47}.Debug|Any CPU.Build.0 = Debug|Any CPU
		{967205BD-E0CD-43FF-BD84-704D944D4E47}.Release|Any CPU.ActiveCfg = Release|Any CPU
		{967205BD-E0CD-43FF-BD84-704D944D4E47}.Release|Any CPU.Build.0 = Release|Any CPU
	EndGlobalSection
	GlobalSection(SolutionProperties) = preSolution
		HideSolutionNode = FALSE
	EndGlobalSection
	GlobalSection(ExtensibilityGlobals) = postSolution
		SolutionGuid = {534DDC4E-E40E-4A36-82BD-A71EC24A965D}
	EndGlobalSection
EndGlobal
